
Microsoft Visual Studio Solution File, Format Version 12.00
# Visual Studio Version 17
VisualStudioVersion = 17.5.002.0
MinimumVisualStudioVersion = 10.0.40219.1
Project("{9A19103F-16F7-4668-BE54-9A1E7A4F7556}") = "RegexRules", "src\RegexRules\RegexRules.csproj", "{6A73F537-8076-40CD-9587-B017B05269FF}"
EndProject
Project("{2150E333-8FDC-42A3-9474-1A3956D46DE8}") = "tests", "tests", "{AE9716A7-CE89-4771-AE6A-55E98491A0AF}"
EndProject
Project("{FAE04EC0-301F-11D3-BF4B-00C04F79EFBC}") = "RegexRulesTests", "tests\RegexRulesTests\RegexRulesTests.csproj", "{8FE768E5-1C28-4A5E-923D-D3FA9647D92A}"
EndProject
Global
	GlobalSection(SolutionConfigurationPlatforms) = preSolution
		Debug|Any CPU = Debug|Any CPU
		Release|Any CPU = Release|Any CPU
	EndGlobalSection
	GlobalSection(ProjectConfigurationPlatforms) = postSolution
		{6A73F537-8076-40CD-9587-B017B05269FF}.Debug|Any CPU.ActiveCfg = Debug|Any CPU
		{6A73F537-8076-40CD-9587-B017B05269FF}.Debug|Any CPU.Build.0 = Debug|Any CPU
		{6A73F537-8076-40CD-9587-B017B05269FF}.Release|Any CPU.ActiveCfg = Release|Any CPU
		{6A73F537-8076-40CD-9587-B017B05269FF}.Release|Any CPU.Build.0 = Release|Any CPU
		{8FE768E5-1C28-4A5E-923D-D3FA9647D92A}.Debug|Any CPU.ActiveCfg = Debug|Any CPU
		{8FE768E5-1C28-4A5E-923D-D3FA9647D92A}.Debug|Any CPU.Build.0 = Debug|Any CPU
		{8FE768E5-1C28-4A5E-923D-D3FA9647D92A}.Release|Any CPU.ActiveCfg = Release|Any CPU
		{8FE768E5-1C28-4A5E-923D-D3FA9647D92A}.Release|Any CPU.Build.0 = Release|Any CPU
	EndGlobalSection
	GlobalSection(SolutionProperties) = preSolution
		HideSolutionNode = FALSE
	EndGlobalSection
	GlobalSection(ExtensibilityGlobals) = postSolution
		SolutionGuid = {C22107FD-94F3-428D-A204-C94BDD6CBF36}
	EndGlobalSection
	GlobalSection(NestedProjects) = preSolution
		{8FE768E5-1C28-4A5E-923D-D3FA9647D92A} = {AE9716A7-CE89-4771-AE6A-55E98491A0AF}
	EndGlobalSection
EndGlobal
